# auto-generated by grc.converter

id: ccsds_decapsulate_net
label: decapsulate_net
category: '[CCSDS]'

parameters:
-   id: mtu
    label: MTU Size
    dtype: int
-   id: pad_byte
    label: Pad Byte
    dtype: raw
-   id: disaggregate
    label: Dis-Aggregate Packets
    dtype: bool

inputs:
-   domain: stream
    dtype: ''

outputs:
-   domain: stream
    dtype: ''

templates:
    imports: import gnuradio.ccsds as ccsds
    make: ccsds.decapsulate_net(${mtu}, ${pad_byte}, ${disaggregate})

file_format: 1
