# auto-generated by grc.converter

id: ccsds_insert_idle_frame
label: insert_idle_frame
category: '[CCSDS]'

parameters:
-   id: modulated_vector
    label: Idle Frame symbols
    dtype: complex_vector

inputs:
-   domain: stream
    dtype: complex

outputs:
-   domain: stream
    dtype: complex

templates:
    imports: import gnuradio.ccsds as ccsds
    make: ccsds.insert_idle_frame(${modulated_vector})

file_format: 1
